
Microsoft Visual Studio Solution File, Format Version 12.00
# Visual Studio 14
VisualStudioVersion = 14.0.25420.1
MinimumVisualStudioVersion = 10.0.40219.1
Project("{FAE04EC0-301F-11D3-BF4B-00C04F79EFBC}") = "QLThuChi.API", "QLThuChi.API\QLThuChi.API.csproj", "{E562120F-A045-40EE-8390-628A61F0950B}"
EndProject
Global
	GlobalSection(SolutionConfigurationPlatforms) = preSolution
		Debug|Any CPU = Debug|Any CPU
		Release|Any CPU = Release|Any CPU
	EndGlobalSection
	GlobalSection(ProjectConfigurationPlatforms) = postSolution
		{E562120F-A045-40EE-8390-628A61F0950B}.Debug|Any CPU.ActiveCfg = Debug|Any CPU
		{E562120F-A045-40EE-8390-628A61F0950B}.Debug|Any CPU.Build.0 = Debug|Any CPU
		{E562120F-A045-40EE-8390-628A61F0950B}.Release|Any CPU.ActiveCfg = Release|Any CPU
		{E562120F-A045-40EE-8390-628A61F0950B}.Release|Any CPU.Build.0 = Release|Any CPU
	EndGlobalSection
	GlobalSection(SolutionProperties) = preSolution
		HideSolutionNode = FALSE
	EndGlobalSection
EndGlobal
